
Microsoft Visual Studio Solution File, Format Version 12.00
# Visual Studio Version 17
VisualStudioVersion = 17.9.34723.18
MinimumVisualStudioVersion = 10.0.40219.1
Project("{FAE04EC0-301F-11D3-BF4B-00C04F79EFBC}") = "Curtosi.Mateo.23", "Curtosi.Mateo.23\Curtosi.Mateo.23.csproj", "{C2321BAF-E6AC-41FF-8EDD-F9467CA3F4FD}"
EndProject
Project("{FAE04EC0-301F-11D3-BF4B-00C04F79EFBC}") = "Mateo", "Mateo\Mateo.csproj", "{E50806A3-3D73-4FF4-8463-5F105BB5093F}"
EndProject
Global
	GlobalSection(SolutionConfigurationPlatforms) = preSolution
		Debug|Any CPU = Debug|Any CPU
		Release|Any CPU = Release|Any CPU
	EndGlobalSection
	GlobalSection(ProjectConfigurationPlatforms) = postSolution
		{C2321BAF-E6AC-41FF-8EDD-F9467CA3F4FD}.Debug|Any CPU.ActiveCfg = Debug|Any CPU
		{C2321BAF-E6AC-41FF-8EDD-F9467CA3F4FD}.Debug|Any CPU.Build.0 = Debug|Any CPU
		{C2321BAF-E6AC-41FF-8EDD-F9467CA3F4FD}.Release|Any CPU.ActiveCfg = Release|Any CPU
		{C2321BAF-E6AC-41FF-8EDD-F9467CA3F4FD}.Release|Any CPU.Build.0 = Release|Any CPU
		{E50806A3-3D73-4FF4-8463-5F105BB5093F}.Debug|Any CPU.ActiveCfg = Debug|Any CPU
		{E50806A3-3D73-4FF4-8463-5F105BB5093F}.Debug|Any CPU.Build.0 = Debug|Any CPU
		{E50806A3-3D73-4FF4-8463-5F105BB5093F}.Release|Any CPU.ActiveCfg = Release|Any CPU
		{E50806A3-3D73-4FF4-8463-5F105BB5093F}.Release|Any CPU.Build.0 = Release|Any CPU
	EndGlobalSection
	GlobalSection(SolutionProperties) = preSolution
		HideSolutionNode = FALSE
	EndGlobalSection
	GlobalSection(ExtensibilityGlobals) = postSolution
		SolutionGuid = {39AE3B92-2FCE-418A-8DDC-AAB2E2CC709B}
	EndGlobalSection
EndGlobal
